
Microsoft Visual Studio Solution File, Format Version 12.00
# Visual Studio Version 17
VisualStudioVersion = 17.1.32210.238
MinimumVisualStudioVersion = 10.0.40219.1
Project("{FAE04EC0-301F-11D3-BF4B-00C04F79EFBC}") = "Shopping", "Shopping\Shopping.csproj", "{2BF36F46-62A7-4A83-9136-AD9EC2CF815E}"
EndProject
Global
	GlobalSection(SolutionConfigurationPlatforms) = preSolution
		Debug|Any CPU = Debug|Any CPU
		Release|Any CPU = Release|Any CPU
	EndGlobalSection
	GlobalSection(ProjectConfigurationPlatforms) = postSolution
		{2BF36F46-62A7-4A83-9136-AD9EC2CF815E}.Debug|Any CPU.ActiveCfg = Debug|Any CPU
		{2BF36F46-62A7-4A83-9136-AD9EC2CF815E}.Debug|Any CPU.Build.0 = Debug|Any CPU
		{2BF36F46-62A7-4A83-9136-AD9EC2CF815E}.Release|Any CPU.ActiveCfg = Release|Any CPU
		{2BF36F46-62A7-4A83-9136-AD9EC2CF815E}.Release|Any CPU.Build.0 = Release|Any CPU
	EndGlobalSection
	GlobalSection(SolutionProperties) = preSolution
		HideSolutionNode = FALSE
	EndGlobalSection
	GlobalSection(ExtensibilityGlobals) = postSolution
		SolutionGuid = {83659B75-27D9-4EFD-B294-53E047351FD0}
	EndGlobalSection
EndGlobal
